
Microsoft Visual Studio Solution File, Format Version 12.00
# Visual Studio Version 17
VisualStudioVersion = 17.4.33122.133
MinimumVisualStudioVersion = 10.0.40219.1
Project("{FAE04EC0-301F-11D3-BF4B-00C04F79EFBC}") = "e_TicTacToe", "e_TicTacToe.csproj", "{0FE561FD-5D90-4503-973F-85E1BC4BD79E}"
EndProject
Global
	GlobalSection(SolutionConfigurationPlatforms) = preSolution
		Debug|Any CPU = Debug|Any CPU
		Release|Any CPU = Release|Any CPU
	EndGlobalSection
	GlobalSection(ProjectConfigurationPlatforms) = postSolution
		{0FE561FD-5D90-4503-973F-85E1BC4BD79E}.Debug|Any CPU.ActiveCfg = Debug|Any CPU
		{0FE561FD-5D90-4503-973F-85E1BC4BD79E}.Debug|Any CPU.Build.0 = Debug|Any CPU
		{0FE561FD-5D90-4503-973F-85E1BC4BD79E}.Release|Any CPU.ActiveCfg = Release|Any CPU
		{0FE561FD-5D90-4503-973F-85E1BC4BD79E}.Release|Any CPU.Build.0 = Release|Any CPU
	EndGlobalSection
	GlobalSection(SolutionProperties) = preSolution
		HideSolutionNode = FALSE
	EndGlobalSection
	GlobalSection(ExtensibilityGlobals) = postSolution
		SolutionGuid = {4A9CD301-6B0D-412F-B620-66D9C94E49A6}
	EndGlobalSection
EndGlobal
